
Microsoft Visual Studio Solution File, Format Version 12.00
# Visual Studio Version 17
VisualStudioVersion = 17.14.36705.20 d17.14
MinimumVisualStudioVersion = 10.0.40219.1
Project("{FAE04EC0-301F-11D3-BF4B-00C04F79EFBC}") = "LR7_s8", "LR7_s8.csproj", "{346F0883-EE18-4CBD-A56A-88F1B0127CCF}"
EndProject
Global
	GlobalSection(SolutionConfigurationPlatforms) = preSolution
		Debug|Any CPU = Debug|Any CPU
		Release|Any CPU = Release|Any CPU
	EndGlobalSection
	GlobalSection(ProjectConfigurationPlatforms) = postSolution
		{346F0883-EE18-4CBD-A56A-88F1B0127CCF}.Debug|Any CPU.ActiveCfg = Debug|Any CPU
		{346F0883-EE18-4CBD-A56A-88F1B0127CCF}.Debug|Any CPU.Build.0 = Debug|Any CPU
		{346F0883-EE18-4CBD-A56A-88F1B0127CCF}.Release|Any CPU.ActiveCfg = Release|Any CPU
		{346F0883-EE18-4CBD-A56A-88F1B0127CCF}.Release|Any CPU.Build.0 = Release|Any CPU
	EndGlobalSection
	GlobalSection(SolutionProperties) = preSolution
		HideSolutionNode = FALSE
	EndGlobalSection
	GlobalSection(ExtensibilityGlobals) = postSolution
		SolutionGuid = {6E838901-B273-465D-B387-ADB021E49571}
	EndGlobalSection
EndGlobal
